
Microsoft Visual Studio Solution File, Format Version 12.00
# Visual Studio 15
VisualStudioVersion = 15.0.27130.2010
MinimumVisualStudioVersion = 10.0.40219.1
Project("{9A19103F-16F7-4668-BE54-9A1E7A4F7556}") = "CoreASPNET", "CoreASPNET\CoreASPNET.csproj", "{C17F9BDC-8A6B-4D86-8A6B-EC18B48207C4}"
EndProject
Project("{9A19103F-16F7-4668-BE54-9A1E7A4F7556}") = "CoreBackEnd", "CoreBackEnd\CoreBackEnd.csproj", "{A6B96A12-9802-471F-885D-BA68B6A2A135}"
EndProject
Project("{9A19103F-16F7-4668-BE54-9A1E7A4F7556}") = "CoreModel", "CoreModel\CoreModel.csproj", "{9C3296D8-320D-4991-8C8E-5A59EA52A149}"
EndProject
Project("{FAE04EC0-301F-11D3-BF4B-00C04F79EFBC}") = "CoreDAL", "CoreDAL\CoreDAL.csproj", "{D1034F5E-DF83-4D65-96A8-D24FF5C85BC5}"
EndProject
Global
	GlobalSection(SolutionConfigurationPlatforms) = preSolution
		Debug|Any CPU = Debug|Any CPU
		Release|Any CPU = Release|Any CPU
	EndGlobalSection
	GlobalSection(ProjectConfigurationPlatforms) = postSolution
		{C17F9BDC-8A6B-4D86-8A6B-EC18B48207C4}.Debug|Any CPU.ActiveCfg = Debug|Any CPU
		{C17F9BDC-8A6B-4D86-8A6B-EC18B48207C4}.Debug|Any CPU.Build.0 = Debug|Any CPU
		{C17F9BDC-8A6B-4D86-8A6B-EC18B48207C4}.Release|Any CPU.ActiveCfg = Release|Any CPU
		{C17F9BDC-8A6B-4D86-8A6B-EC18B48207C4}.Release|Any CPU.Build.0 = Release|Any CPU
		{A6B96A12-9802-471F-885D-BA68B6A2A135}.Debug|Any CPU.ActiveCfg = Debug|Any CPU
		{A6B96A12-9802-471F-885D-BA68B6A2A135}.Debug|Any CPU.Build.0 = Debug|Any CPU
		{A6B96A12-9802-471F-885D-BA68B6A2A135}.Release|Any CPU.ActiveCfg = Release|Any CPU
		{A6B96A12-9802-471F-885D-BA68B6A2A135}.Release|Any CPU.Build.0 = Release|Any CPU
		{9C3296D8-320D-4991-8C8E-5A59EA52A149}.Debug|Any CPU.ActiveCfg = Debug|Any CPU
		{9C3296D8-320D-4991-8C8E-5A59EA52A149}.Debug|Any CPU.Build.0 = Debug|Any CPU
		{9C3296D8-320D-4991-8C8E-5A59EA52A149}.Release|Any CPU.ActiveCfg = Release|Any CPU
		{9C3296D8-320D-4991-8C8E-5A59EA52A149}.Release|Any CPU.Build.0 = Release|Any CPU
		{D1034F5E-DF83-4D65-96A8-D24FF5C85BC5}.Debug|Any CPU.ActiveCfg = Debug|Any CPU
		{D1034F5E-DF83-4D65-96A8-D24FF5C85BC5}.Debug|Any CPU.Build.0 = Debug|Any CPU
		{D1034F5E-DF83-4D65-96A8-D24FF5C85BC5}.Release|Any CPU.ActiveCfg = Release|Any CPU
		{D1034F5E-DF83-4D65-96A8-D24FF5C85BC5}.Release|Any CPU.Build.0 = Release|Any CPU
	EndGlobalSection
	GlobalSection(SolutionProperties) = preSolution
		HideSolutionNode = FALSE
	EndGlobalSection
	GlobalSection(ExtensibilityGlobals) = postSolution
		SolutionGuid = {1395CBD4-6E1D-4431-AA1F-C1DE9FEF8C5C}
	EndGlobalSection
EndGlobal
